{
	"name": "c64jasm-server",
	"version": "0.0.1",
	"lockfileVersion": 1,
	"requires": true,
	"dependencies": {
		"c64jasm": {
			"version": "0.0.4",
			"requires": {
				"@types/argparse": "^1.0.34",
				"@types/node": "^10.9.4",
				"argparse": "^1.0.10",
				"glob-fs": "^0.1.7"
			},
			"dependencies": {
				"@types/argparse": {
					"version": "1.0.34",
					"bundled": true
				},
				"@types/node": {
					"version": "10.9.4",
					"bundled": true
				},
				"ansi-wrap": {
					"version": "0.1.0",
					"bundled": true
				},
				"ansi-yellow": {
					"version": "0.1.1",
					"bundled": true,
					"requires": {
						"ansi-wrap": "0.1.0"
					}
				},
				"argparse": {
					"version": "1.0.10",
					"bundled": true,
					"requires": {
						"sprintf-js": "~1.0.2"
					}
				},
				"arr-diff": {
					"version": "2.0.0",
					"bundled": true,
					"requires": {
						"arr-flatten": "^1.0.1"
					}
				},
				"arr-flatten": {
					"version": "1.1.0",
					"bundled": true
				},
				"array-slice": {
					"version": "0.2.3",
					"bundled": true
				},
				"array-unique": {
					"version": "0.2.1",
					"bundled": true
				},
				"arrify": {
					"version": "1.0.1",
					"bundled": true
				},
				"async": {
					"version": "1.5.2",
					"bundled": true
				},
				"bluebird": {
					"version": "2.11.0",
					"bundled": true
				},
				"braces": {
					"version": "1.8.5",
					"bundled": true,
					"requires": {
						"expand-range": "^1.8.1",
						"preserve": "^0.2.0",
						"repeat-element": "^1.1.2"
					}
				},
				"buffer-from": {
					"version": "1.1.1",
					"bundled": true
				},
				"component-emitter": {
					"version": "1.2.1",
					"bundled": true
				},
				"core-util-is": {
					"version": "1.0.2",
					"bundled": true
				},
				"detect-file": {
					"version": "0.1.0",
					"bundled": true,
					"requires": {
						"fs-exists-sync": "^0.1.0"
					}
				},
				"diff": {
					"version": "3.5.0",
					"bundled": true
				},
				"dotdir-regex": {
					"version": "0.1.0",
					"bundled": true
				},
				"ends-with": {
					"version": "0.2.0",
					"bundled": true
				},
				"expand-brackets": {
					"version": "0.1.5",
					"bundled": true,
					"requires": {
						"is-posix-bracket": "^0.1.0"
					}
				},
				"expand-range": {
					"version": "1.8.2",
					"bundled": true,
					"requires": {
						"fill-range": "^2.1.0"
					}
				},
				"expand-tilde": {
					"version": "1.2.2",
					"bundled": true,
					"requires": {
						"os-homedir": "^1.0.1"
					}
				},
				"export-files": {
					"version": "2.1.1",
					"bundled": true,
					"requires": {
						"lazy-cache": "^1.0.3"
					},
					"dependencies": {
						"lazy-cache": {
							"version": "1.0.4",
							"bundled": true
						}
					}
				},
				"extend-shallow": {
					"version": "2.0.1",
					"bundled": true,
					"requires": {
						"is-extendable": "^0.1.0"
					}
				},
				"extglob": {
					"version": "0.3.2",
					"bundled": true,
					"requires": {
						"is-extglob": "^1.0.0"
					}
				},
				"filename-regex": {
					"version": "2.0.1",
					"bundled": true
				},
				"fill-range": {
					"version": "2.2.4",
					"bundled": true,
					"requires": {
						"is-number": "^2.1.0",
						"isobject": "^2.0.0",
						"randomatic": "^3.0.0",
						"repeat-element": "^1.1.2",
						"repeat-string": "^1.5.2"
					}
				},
				"findup-sync": {
					"version": "1.0.0",
					"bundled": true,
					"requires": {
						"detect-file": "^0.1.0",
						"is-glob": "^2.0.1",
						"micromatch": "^2.3.7",
						"resolve-dir": "^0.1.0"
					},
					"dependencies": {
						"kind-of": {
							"version": "3.2.2",
							"bundled": true,
							"requires": {
								"is-buffer": "^1.1.5"
							}
						},
						"micromatch": {
							"version": "2.3.11",
							"bundled": true,
							"requires": {
								"arr-diff": "^2.0.0",
								"array-unique": "^0.2.1",
								"braces": "^1.8.2",
								"expand-brackets": "^0.1.4",
								"extglob": "^0.3.1",
								"filename-regex": "^2.0.0",
								"is-extglob": "^1.0.0",
								"is-glob": "^2.0.1",
								"kind-of": "^3.0.2",
								"normalize-path": "^2.0.1",
								"object.omit": "^2.0.0",
								"parse-glob": "^3.0.4",
								"regex-cache": "^0.4.2"
							}
						},
						"object.omit": {
							"version": "2.0.1",
							"bundled": true,
							"requires": {
								"for-own": "^0.1.4",
								"is-extendable": "^0.1.1"
							}
						}
					}
				},
				"for-in": {
					"version": "1.0.2",
					"bundled": true
				},
				"for-own": {
					"version": "0.1.5",
					"bundled": true,
					"requires": {
						"for-in": "^1.0.1"
					}
				},
				"fs-exists-sync": {
					"version": "0.1.0",
					"bundled": true
				},
				"get-value": {
					"version": "1.3.1",
					"bundled": true,
					"requires": {
						"arr-flatten": "^1.0.1",
						"is-extendable": "^0.1.1",
						"lazy-cache": "^0.2.4",
						"noncharacters": "^1.1.0"
					},
					"dependencies": {
						"lazy-cache": {
							"version": "0.2.7",
							"bundled": true
						}
					}
				},
				"glob-base": {
					"version": "0.3.0",
					"bundled": true,
					"requires": {
						"glob-parent": "^2.0.0",
						"is-glob": "^2.0.0"
					},
					"dependencies": {
						"glob-parent": {
							"version": "2.0.0",
							"bundled": true,
							"requires": {
								"is-glob": "^2.0.0"
							}
						}
					}
				},
				"glob-fs": {
					"version": "0.1.7",
					"bundled": true,
					"requires": {
						"async": "^1.3.0",
						"bluebird": "^2.9.33",
						"component-emitter": "^1.2.0",
						"ends-with": "^0.2.0",
						"export-files": "^2.0.1",
						"extend-shallow": "^2.0.0",
						"get-value": "^1.1.5",
						"glob-fs-dotfiles": "^0.1.6",
						"glob-fs-gitignore": "^0.1.5",
						"glob-parent": "^1.2.0",
						"graceful-fs": "^4.1.2",
						"is-dotdir": "^0.1.0",
						"is-dotfile": "^1.0.1",
						"is-glob": "^2.0.0",
						"is-windows": "^0.1.0",
						"kind-of": "^2.0.0",
						"lazy-cache": "^0.1.0",
						"micromatch": "github:jonschlinkert/micromatch#2.2.0",
						"mixin-object": "^2.0.0",
						"object-visit": "^0.1.0",
						"object.omit": "^1.1.0",
						"parse-filepath": "^0.6.1",
						"relative": "^3.0.1",
						"set-value": "^0.2.0",
						"starts-with": "^1.0.2",
						"through2": "^2.0.0"
					}
				},
				"glob-fs-dotfiles": {
					"version": "0.1.6",
					"bundled": true
				},
				"glob-fs-gitignore": {
					"version": "0.1.6",
					"bundled": true,
					"requires": {
						"findup-sync": "^1.0.0",
						"micromatch": "^2.3.11",
						"parse-gitignore": "^0.2.0"
					},
					"dependencies": {
						"kind-of": {
							"version": "3.2.2",
							"bundled": true,
							"requires": {
								"is-buffer": "^1.1.5"
							}
						},
						"micromatch": {
							"version": "2.3.11",
							"bundled": true,
							"requires": {
								"arr-diff": "^2.0.0",
								"array-unique": "^0.2.1",
								"braces": "^1.8.2",
								"expand-brackets": "^0.1.4",
								"extglob": "^0.3.1",
								"filename-regex": "^2.0.0",
								"is-extglob": "^1.0.0",
								"is-glob": "^2.0.1",
								"kind-of": "^3.0.2",
								"normalize-path": "^2.0.1",
								"object.omit": "^2.0.0",
								"parse-glob": "^3.0.4",
								"regex-cache": "^0.4.2"
							}
						},
						"object.omit": {
							"version": "2.0.1",
							"bundled": true,
							"requires": {
								"for-own": "^0.1.4",
								"is-extendable": "^0.1.1"
							}
						}
					}
				},
				"glob-parent": {
					"version": "1.3.0",
					"bundled": true,
					"requires": {
						"is-glob": "^2.0.0"
					}
				},
				"global-modules": {
					"version": "0.2.3",
					"bundled": true,
					"requires": {
						"global-prefix": "^0.1.4",
						"is-windows": "^0.2.0"
					},
					"dependencies": {
						"is-windows": {
							"version": "0.2.0",
							"bundled": true
						}
					}
				},
				"global-prefix": {
					"version": "0.1.5",
					"bundled": true,
					"requires": {
						"homedir-polyfill": "^1.0.0",
						"ini": "^1.3.4",
						"is-windows": "^0.2.0",
						"which": "^1.2.12"
					},
					"dependencies": {
						"is-windows": {
							"version": "0.2.0",
							"bundled": true
						}
					}
				},
				"graceful-fs": {
					"version": "4.1.11",
					"bundled": true
				},
				"homedir-polyfill": {
					"version": "1.0.1",
					"bundled": true,
					"requires": {
						"parse-passwd": "^1.0.0"
					}
				},
				"inherits": {
					"version": "2.0.3",
					"bundled": true
				},
				"ini": {
					"version": "1.3.5",
					"bundled": true
				},
				"is-absolute": {
					"version": "0.2.6",
					"bundled": true,
					"requires": {
						"is-relative": "^0.2.1",
						"is-windows": "^0.2.0"
					},
					"dependencies": {
						"is-windows": {
							"version": "0.2.0",
							"bundled": true
						}
					}
				},
				"is-buffer": {
					"version": "1.1.6",
					"bundled": true
				},
				"is-dotdir": {
					"version": "0.1.0",
					"bundled": true,
					"requires": {
						"dotdir-regex": "^0.1.0"
					}
				},
				"is-dotfile": {
					"version": "1.0.3",
					"bundled": true
				},
				"is-equal-shallow": {
					"version": "0.1.3",
					"bundled": true,
					"requires": {
						"is-primitive": "^2.0.0"
					}
				},
				"is-extendable": {
					"version": "0.1.1",
					"bundled": true
				},
				"is-extglob": {
					"version": "1.0.0",
					"bundled": true
				},
				"is-glob": {
					"version": "2.0.1",
					"bundled": true,
					"requires": {
						"is-extglob": "^1.0.0"
					}
				},
				"is-number": {
					"version": "2.1.0",
					"bundled": true,
					"requires": {
						"kind-of": "^3.0.2"
					},
					"dependencies": {
						"kind-of": {
							"version": "3.2.2",
							"bundled": true,
							"requires": {
								"is-buffer": "^1.1.5"
							}
						}
					}
				},
				"is-posix-bracket": {
					"version": "0.1.1",
					"bundled": true
				},
				"is-primitive": {
					"version": "2.0.0",
					"bundled": true
				},
				"is-relative": {
					"version": "0.2.1",
					"bundled": true,
					"requires": {
						"is-unc-path": "^0.1.1"
					}
				},
				"is-unc-path": {
					"version": "0.1.2",
					"bundled": true,
					"requires": {
						"unc-path-regex": "^0.1.0"
					}
				},
				"is-windows": {
					"version": "0.1.1",
					"bundled": true
				},
				"isarray": {
					"version": "1.0.0",
					"bundled": true
				},
				"isexe": {
					"version": "2.0.0",
					"bundled": true
				},
				"isobject": {
					"version": "2.1.0",
					"bundled": true,
					"requires": {
						"isarray": "1.0.0"
					}
				},
				"kind-of": {
					"version": "2.0.1",
					"bundled": true,
					"requires": {
						"is-buffer": "^1.0.2"
					}
				},
				"lazy-cache": {
					"version": "0.1.0",
					"bundled": true,
					"requires": {
						"ansi-yellow": "^0.1.1"
					}
				},
				"make-error": {
					"version": "1.3.5",
					"bundled": true
				},
				"map-cache": {
					"version": "0.2.2",
					"bundled": true
				},
				"math-random": {
					"version": "1.0.1",
					"bundled": true
				},
				"micromatch": {
					"version": "2.2.0",
					"from": "github:jonschlinkert/micromatch#2.2.0",
					"bundled": true,
					"requires": {
						"arr-diff": "^1.0.1",
						"array-unique": "^0.2.1",
						"braces": "^1.8.0",
						"expand-brackets": "^0.1.1",
						"extglob": "^0.3.0",
						"filename-regex": "^2.0.0",
						"is-glob": "^1.1.3",
						"kind-of": "^1.1.0",
						"object.omit": "^1.1.0",
						"parse-glob": "^3.0.1",
						"regex-cache": "^0.4.2"
					},
					"dependencies": {
						"arr-diff": {
							"version": "1.1.0",
							"bundled": true,
							"requires": {
								"arr-flatten": "^1.0.1",
								"array-slice": "^0.2.3"
							}
						},
						"is-glob": {
							"version": "1.1.3",
							"bundled": true
						},
						"kind-of": {
							"version": "1.1.0",
							"bundled": true
						}
					}
				},
				"minimist": {
					"version": "1.2.0",
					"bundled": true
				},
				"mixin-object": {
					"version": "2.0.1",
					"bundled": true,
					"requires": {
						"for-in": "^0.1.3",
						"is-extendable": "^0.1.1"
					},
					"dependencies": {
						"for-in": {
							"version": "0.1.8",
							"bundled": true
						}
					}
				},
				"mkdirp": {
					"version": "0.5.1",
					"bundled": true,
					"requires": {
						"minimist": "0.0.8"
					},
					"dependencies": {
						"minimist": {
							"version": "0.0.8",
							"bundled": true
						}
					}
				},
				"noncharacters": {
					"version": "1.1.0",
					"bundled": true
				},
				"normalize-path": {
					"version": "2.1.1",
					"bundled": true,
					"requires": {
						"remove-trailing-separator": "^1.0.1"
					}
				},
				"object-visit": {
					"version": "0.1.0",
					"bundled": true,
					"requires": {
						"isobject": "^1.0.0"
					},
					"dependencies": {
						"isobject": {
							"version": "1.0.2",
							"bundled": true
						}
					}
				},
				"object.omit": {
					"version": "1.1.0",
					"bundled": true,
					"requires": {
						"for-own": "^0.1.3",
						"isobject": "^1.0.0"
					},
					"dependencies": {
						"isobject": {
							"version": "1.0.2",
							"bundled": true
						}
					}
				},
				"os-homedir": {
					"version": "1.0.2",
					"bundled": true
				},
				"parse-filepath": {
					"version": "0.6.3",
					"bundled": true,
					"requires": {
						"is-absolute": "^0.2.2",
						"map-cache": "^0.2.0"
					}
				},
				"parse-gitignore": {
					"version": "0.2.0",
					"bundled": true,
					"requires": {
						"ends-with": "^0.2.0",
						"is-glob": "^2.0.0",
						"starts-with": "^1.0.0"
					}
				},
				"parse-glob": {
					"version": "3.0.4",
					"bundled": true,
					"requires": {
						"glob-base": "^0.3.0",
						"is-dotfile": "^1.0.0",
						"is-extglob": "^1.0.0",
						"is-glob": "^2.0.0"
					}
				},
				"parse-passwd": {
					"version": "1.0.0",
					"bundled": true
				},
				"pegjs": {
					"version": "0.10.0",
					"bundled": true
				},
				"preserve": {
					"version": "0.2.0",
					"bundled": true
				},
				"process-nextick-args": {
					"version": "2.0.0",
					"bundled": true
				},
				"randomatic": {
					"version": "3.1.0",
					"bundled": true,
					"requires": {
						"is-number": "^4.0.0",
						"kind-of": "^6.0.0",
						"math-random": "^1.0.1"
					},
					"dependencies": {
						"is-number": {
							"version": "4.0.0",
							"bundled": true
						},
						"kind-of": {
							"version": "6.0.2",
							"bundled": true
						}
					}
				},
				"readable-stream": {
					"version": "2.3.6",
					"bundled": true,
					"requires": {
						"core-util-is": "~1.0.0",
						"inherits": "~2.0.3",
						"isarray": "~1.0.0",
						"process-nextick-args": "~2.0.0",
						"safe-buffer": "~5.1.1",
						"string_decoder": "~1.1.1",
						"util-deprecate": "~1.0.1"
					}
				},
				"regex-cache": {
					"version": "0.4.4",
					"bundled": true,
					"requires": {
						"is-equal-shallow": "^0.1.3"
					}
				},
				"relative": {
					"version": "3.0.2",
					"bundled": true,
					"requires": {
						"isobject": "^2.0.0"
					}
				},
				"remove-trailing-separator": {
					"version": "1.1.0",
					"bundled": true
				},
				"repeat-element": {
					"version": "1.1.3",
					"bundled": true
				},
				"repeat-string": {
					"version": "1.6.1",
					"bundled": true
				},
				"resolve-dir": {
					"version": "0.1.1",
					"bundled": true,
					"requires": {
						"expand-tilde": "^1.2.2",
						"global-modules": "^0.2.3"
					}
				},
				"safe-buffer": {
					"version": "5.1.2",
					"bundled": true
				},
				"set-value": {
					"version": "0.2.0",
					"bundled": true,
					"requires": {
						"isobject": "^1.0.0",
						"noncharacters": "^1.1.0"
					},
					"dependencies": {
						"isobject": {
							"version": "1.0.2",
							"bundled": true
						}
					}
				},
				"source-map": {
					"version": "0.6.1",
					"bundled": true
				},
				"source-map-support": {
					"version": "0.5.9",
					"bundled": true,
					"requires": {
						"buffer-from": "^1.0.0",
						"source-map": "^0.6.0"
					}
				},
				"sprintf-js": {
					"version": "1.0.3",
					"bundled": true
				},
				"starts-with": {
					"version": "1.0.2",
					"bundled": true
				},
				"string_decoder": {
					"version": "1.1.1",
					"bundled": true,
					"requires": {
						"safe-buffer": "~5.1.0"
					}
				},
				"through2": {
					"version": "2.0.3",
					"bundled": true,
					"requires": {
						"readable-stream": "^2.1.5",
						"xtend": "~4.0.1"
					}
				},
				"ts-node": {
					"version": "7.0.1",
					"bundled": true,
					"requires": {
						"arrify": "^1.0.0",
						"buffer-from": "^1.1.0",
						"diff": "^3.1.0",
						"make-error": "^1.1.1",
						"minimist": "^1.2.0",
						"mkdirp": "^0.5.1",
						"source-map-support": "^0.5.6",
						"yn": "^2.0.0"
					}
				},
				"typescript": {
					"version": "3.0.3",
					"bundled": true
				},
				"unc-path-regex": {
					"version": "0.1.2",
					"bundled": true
				},
				"util-deprecate": {
					"version": "1.0.2",
					"bundled": true
				},
				"which": {
					"version": "1.3.1",
					"bundled": true,
					"requires": {
						"isexe": "^2.0.0"
					}
				},
				"xtend": {
					"version": "4.0.1",
					"bundled": true
				},
				"yn": {
					"version": "2.0.0",
					"bundled": true
				}
			}
		},
		"vscode-jsonrpc": {
			"version": "3.6.2",
			"resolved": "https://registry.npmjs.org/vscode-jsonrpc/-/vscode-jsonrpc-3.6.2.tgz",
			"integrity": "sha512-T24Jb5V48e4VgYliUXMnZ379ItbrXgOimweKaJshD84z+8q7ZOZjJan0MeDe+Ugb+uqERDVV8SBmemaGMSMugA=="
		},
		"vscode-languageserver": {
			"version": "4.1.3",
			"resolved": "https://registry.npmjs.org/vscode-languageserver/-/vscode-languageserver-4.1.3.tgz",
			"integrity": "sha512-D6p3q9x8QPtPLRUO5d2UKizjFYfg8zLVJqKoMpAaom8Wuhl1oKRCjeLg+Cp4mgPeCwR71wbgX2BM/jL51ni/0g==",
			"requires": {
				"vscode-languageserver-protocol": "^3.7.2",
				"vscode-uri": "^1.0.1"
			}
		},
		"vscode-languageserver-protocol": {
			"version": "3.7.2",
			"resolved": "https://registry.npmjs.org/vscode-languageserver-protocol/-/vscode-languageserver-protocol-3.7.2.tgz",
			"integrity": "sha512-VVJwIA/FPl/FnVtrns0FPK6TLi/ET7n1Yo6tCrm6aG7+yAVwIGWdpTmKE+nbP8wEMMbHCkIabk63IJvfz2HNRg==",
			"requires": {
				"vscode-jsonrpc": "^3.6.2",
				"vscode-languageserver-types": "^3.7.2"
			}
		},
		"vscode-languageserver-types": {
			"version": "3.7.2",
			"resolved": "https://registry.npmjs.org/vscode-languageserver-types/-/vscode-languageserver-types-3.7.2.tgz",
			"integrity": "sha512-L9D2RA+PDS2CiyhLQY5ZrOmyRvXyjc4Ha8s9PqS6mIgGxj00R5Xx2vLKBnAOVfrawJXYZST+2hioMks6SQVU7A=="
		},
		"vscode-uri": {
			"version": "1.0.6",
			"resolved": "https://registry.npmjs.org/vscode-uri/-/vscode-uri-1.0.6.tgz",
			"integrity": "sha512-sLI2L0uGov3wKVb9EB+vIQBl9tVP90nqRvxSoJ35vI3NjxE8jfsE5DSOhWgSunHSZmKS4OCi2jrtfxK7uyp2ww=="
		}
	}
}
